
Microsoft Visual Studio Solution File, Format Version 12.00
# Visual Studio Version 16
VisualStudioVersion = 16.0.31729.503
MinimumVisualStudioVersion = 10.0.40219.1
Project("{FAE04EC0-301F-11D3-BF4B-00C04F79EFBC}") = "Cafeteria-IS", "Cafeteria-IS.csproj", "{9D4808AD-3AB5-4C69-A507-8ABE780D99F4}"
EndProject
Project("{FAE04EC0-301F-11D3-BF4B-00C04F79EFBC}") = "Controladores", "Controladores\Controladores.csproj", "{06E594F0-C2EB-4F67-A1A6-189EB7C519D0}"
EndProject
Project("{FAE04EC0-301F-11D3-BF4B-00C04F79EFBC}") = "Modelos", "Modelos\Modelos.csproj", "{DB9D39C1-2874-4A7B-9B8C-327DE4E1BAB1}"
EndProject
Global
	GlobalSection(SolutionConfigurationPlatforms) = preSolution
		Debug|Any CPU = Debug|Any CPU
		Release|Any CPU = Release|Any CPU
	EndGlobalSection
	GlobalSection(ProjectConfigurationPlatforms) = postSolution
		{9D4808AD-3AB5-4C69-A507-8ABE780D99F4}.Debug|Any CPU.ActiveCfg = Debug|Any CPU
		{9D4808AD-3AB5-4C69-A507-8ABE780D99F4}.Debug|Any CPU.Build.0 = Debug|Any CPU
		{9D4808AD-3AB5-4C69-A507-8ABE780D99F4}.Release|Any CPU.ActiveCfg = Release|Any CPU
		{9D4808AD-3AB5-4C69-A507-8ABE780D99F4}.Release|Any CPU.Build.0 = Release|Any CPU
		{06E594F0-C2EB-4F67-A1A6-189EB7C519D0}.Debug|Any CPU.ActiveCfg = Debug|Any CPU
		{06E594F0-C2EB-4F67-A1A6-189EB7C519D0}.Debug|Any CPU.Build.0 = Debug|Any CPU
		{06E594F0-C2EB-4F67-A1A6-189EB7C519D0}.Release|Any CPU.ActiveCfg = Release|Any CPU
		{06E594F0-C2EB-4F67-A1A6-189EB7C519D0}.Release|Any CPU.Build.0 = Release|Any CPU
		{DB9D39C1-2874-4A7B-9B8C-327DE4E1BAB1}.Debug|Any CPU.ActiveCfg = Debug|Any CPU
		{DB9D39C1-2874-4A7B-9B8C-327DE4E1BAB1}.Debug|Any CPU.Build.0 = Debug|Any CPU
		{DB9D39C1-2874-4A7B-9B8C-327DE4E1BAB1}.Release|Any CPU.ActiveCfg = Release|Any CPU
		{DB9D39C1-2874-4A7B-9B8C-327DE4E1BAB1}.Release|Any CPU.Build.0 = Release|Any CPU
	EndGlobalSection
	GlobalSection(SolutionProperties) = preSolution
		HideSolutionNode = FALSE
	EndGlobalSection
	GlobalSection(ExtensibilityGlobals) = postSolution
		SolutionGuid = {B7F20854-D629-461A-83CC-9E3FC47597D8}
	EndGlobalSection
EndGlobal
